
Microsoft Visual Studio Solution File, Format Version 12.00
# Visual Studio Version 17
VisualStudioVersion = 17.5.002.0
MinimumVisualStudioVersion = 10.0.40219.1
Project("{9A19103F-16F7-4668-BE54-9A1E7A4F7556}") = "AlcoolouGasolina", "AlcoolouGasolina.csproj", "{3B3A5BF9-40E1-460B-A5D8-1627734CC844}"
EndProject
Global
	GlobalSection(SolutionConfigurationPlatforms) = preSolution
		Debug|Any CPU = Debug|Any CPU
		Release|Any CPU = Release|Any CPU
	EndGlobalSection
	GlobalSection(ProjectConfigurationPlatforms) = postSolution
		{3B3A5BF9-40E1-460B-A5D8-1627734CC844}.Debug|Any CPU.ActiveCfg = Debug|Any CPU
		{3B3A5BF9-40E1-460B-A5D8-1627734CC844}.Debug|Any CPU.Build.0 = Debug|Any CPU
		{3B3A5BF9-40E1-460B-A5D8-1627734CC844}.Release|Any CPU.ActiveCfg = Release|Any CPU
		{3B3A5BF9-40E1-460B-A5D8-1627734CC844}.Release|Any CPU.Build.0 = Release|Any CPU
	EndGlobalSection
	GlobalSection(SolutionProperties) = preSolution
		HideSolutionNode = FALSE
	EndGlobalSection
	GlobalSection(ExtensibilityGlobals) = postSolution
		SolutionGuid = {644812E6-DBBE-441D-9509-BE8F5368045A}
	EndGlobalSection
EndGlobal
